
Microsoft Visual Studio Solution File, Format Version 12.00
# Visual Studio Version 17
VisualStudioVersion = 17.7.34031.279
MinimumVisualStudioVersion = 10.0.40219.1
Project("{F184B08F-C81C-45F6-A57F-5ABD9991F28F}") = "FastConsoleOutputVBNET", "FastConsoleOutputVBNET.vbproj", "{228CEE41-D534-4890-83FA-94D6105572A6}"
EndProject
Global
	GlobalSection(SolutionConfigurationPlatforms) = preSolution
		Debug|Any CPU = Debug|Any CPU
		Debug|x64 = Debug|x64
		Release|Any CPU = Release|Any CPU
		Release|x64 = Release|x64
	EndGlobalSection
	GlobalSection(ProjectConfigurationPlatforms) = postSolution
		{228CEE41-D534-4890-83FA-94D6105572A6}.Debug|Any CPU.ActiveCfg = Debug|Any CPU
		{228CEE41-D534-4890-83FA-94D6105572A6}.Debug|Any CPU.Build.0 = Debug|Any CPU
		{228CEE41-D534-4890-83FA-94D6105572A6}.Debug|x64.ActiveCfg = Debug|x64
		{228CEE41-D534-4890-83FA-94D6105572A6}.Debug|x64.Build.0 = Debug|x64
		{228CEE41-D534-4890-83FA-94D6105572A6}.Release|Any CPU.ActiveCfg = Release|Any CPU
		{228CEE41-D534-4890-83FA-94D6105572A6}.Release|Any CPU.Build.0 = Release|Any CPU
		{228CEE41-D534-4890-83FA-94D6105572A6}.Release|x64.ActiveCfg = Release|x64
		{228CEE41-D534-4890-83FA-94D6105572A6}.Release|x64.Build.0 = Release|x64
	EndGlobalSection
	GlobalSection(SolutionProperties) = preSolution
		HideSolutionNode = FALSE
	EndGlobalSection
	GlobalSection(ExtensibilityGlobals) = postSolution
		SolutionGuid = {984B06EA-2906-4FA5-A2C6-33BEE68C2E59}
	EndGlobalSection
EndGlobal
